
Microsoft Visual Studio Solution File, Format Version 12.00
# Visual Studio 2012
Project("{FAE04EC0-301F-11D3-BF4B-00C04F79EFBC}") = "TsSoft.Installer", "TsSoft.Installer\TsSoft.Installer.csproj", "{3546A845-1719-434C-9042-E326E7435DD3}"
EndProject
Global
	GlobalSection(SolutionConfigurationPlatforms) = preSolution
		Debug|Any CPU = Debug|Any CPU
		Release|Any CPU = Release|Any CPU
	EndGlobalSection
	GlobalSection(ProjectConfigurationPlatforms) = postSolution
		{3546A845-1719-434C-9042-E326E7435DD3}.Debug|Any CPU.ActiveCfg = Debug|Any CPU
		{3546A845-1719-434C-9042-E326E7435DD3}.Debug|Any CPU.Build.0 = Debug|Any CPU
		{3546A845-1719-434C-9042-E326E7435DD3}.Release|Any CPU.ActiveCfg = Release|Any CPU
		{3546A845-1719-434C-9042-E326E7435DD3}.Release|Any CPU.Build.0 = Release|Any CPU
	EndGlobalSection
	GlobalSection(SolutionProperties) = preSolution
		HideSolutionNode = FALSE
	EndGlobalSection
EndGlobal
